{
    "name": "sitregcapm",
    "version": "0.0.1",
    "lockfileVersion": 1,
    "requires": true,
    "dependencies": {
        "@sap/cds": {
            "version": "3.5.2",
            "resolved": "https://npm.sap.com/@sap/cds/-/cds-3.5.2.tgz",
            "integrity": "sha512-8NKmfpLFSW4GwKnnnoMB1l+srhDhJ8wlkGrC7cf7NxW+XUDO2bnlPIt/dSKlCSQRnHgssAlyjGffrbMMQknVRw==",
            "requires": {
                "@sap/cds-compiler": "1.8.1",
                "@sap/cds-ql": "1.5.1",
                "@sap/cds-reflect": "2.3.0",
                "@sap/cds-services": "1.5.2",
                "@sap/generator-cds": "2.3.9",
                "fs-extra": "7.0.1"
            }
        },
        "@sap/cds-compiler": {
            "version": "1.8.1",
            "resolved": "https://npm.sap.com/@sap/cds-compiler/-/cds-compiler-1.8.1.tgz",
            "integrity": "sha512-ZSScEOBASvlAiPQaITSeIa3CcWMCSb461cjVoawvvSltyof+JJelYHZJevXkat2yfeJJHCECJ2LWC0MQaJF+vA==",
            "requires": {
                "antlr4": "4.7.1",
                "resolve": "1.8.1",
                "sax": "1.2.4"
            }
        },
        "@sap/cds-hana": {
            "version": "1.5.1",
            "resolved": "https://npm.sap.com/@sap/cds-hana/-/cds-hana-1.5.1.tgz",
            "integrity": "sha512-q49YZfxdhyzMB0bMkYr6d10518ORAGoxU1LsynGeW+pMZ6qfN7baUpTW+XV+xsiNMQ5SK+t4v+qwKnCUteP9Mg==",
            "requires": {
                "@sap/cds-sql": "1.5.1"
            }
        },
        "@sap/cds-ql": {
            "version": "1.5.1",
            "resolved": "https://npm.sap.com/@sap/cds-ql/-/cds-ql-1.5.1.tgz",
            "integrity": "sha512-sLmJgp6wa42NZ0dqnL7YOmISPpoOSobt/Gn9H1+75+oi3AkvLMIINissCps8qo3TDNqQ7UCbiMQkvWsf0CPagA==",
            "requires": {
                "@sap/cds-hana": "1.5.1",
                "@sap/cds-sql": "1.5.1",
                "@sap/cds-sqlite": "1.5.1",
                "generic-pool": "3.4.2",
                "uuid": "3.3.2"
            }
        },
        "@sap/cds-reflect": {
            "version": "2.3.0",
            "resolved": "https://npm.sap.com/@sap/cds-reflect/-/cds-reflect-2.3.0.tgz",
            "integrity": "sha512-DvC1WP9nNq0ucVHvi3Phukk7OzVm7AnuIm1vAHDINPVAsG5dSCO1KfYnIL7eVjH73DbSI1tBVCdSppdEt3hY4w=="
        },
        "@sap/cds-services": {
            "version": "1.5.2",
            "resolved": "https://npm.sap.com/@sap/cds-services/-/cds-services-1.5.2.tgz",
            "integrity": "sha512-weD8iOdowUK7tuFWOP3CLnwhSbsJ3mosg7ajH4lHB7ELvTFajwV0sd2dg25ThWIOrHDs42bxaU8ioYgsm64JxA==",
            "requires": {
                "@sap/cds-ql": "1.5.1",
                "@sap/odata-server": "1.0.0"
            }
        },
        "@sap/cds-sql": {
            "version": "1.5.1",
            "resolved": "https://npm.sap.com/@sap/cds-sql/-/cds-sql-1.5.1.tgz",
            "integrity": "sha512-3GofG44gN2o5RkHCauP8SgfdtTTwCnym3f/SwcFEQIORrRvjaSg4uTZA+oj3/3zwFcid9WLQnG+GPYRxv1mJQg=="
        },
        "@sap/cds-sqlite": {
            "version": "1.5.1",
            "resolved": "https://npm.sap.com/@sap/cds-sqlite/-/cds-sqlite-1.5.1.tgz",
            "integrity": "sha512-18NLxIyJofuDSs+eLiAyKAKIZLcUX4qHDedp9OIrZoi0e8faqmY1WDhCr2psWCkNqj3mi7S4uT6IARUwddbLqA==",
            "requires": {
                "@sap/cds-sql": "1.5.1"
            }
        },
        "@sap/generator-cds": {
            "version": "2.3.9",
            "resolved": "https://npm.sap.com/@sap/generator-cds/-/generator-cds-2.3.9.tgz",
            "integrity": "sha512-sxO4Mb1mbww781hAYDr7xEAnoS1u3fGMqh8CJ6HvfZWbiuSqXzbUhINdwykK7QYPCeaaVDnKL6tHxE58CcmWnQ==",
            "requires": {
                "ansi-colors": "3.2.3",
                "fs-extra": "7.0.1",
                "minimist": "1.2.0",
                "xml2js": "0.4.19",
                "yaml": "1.2.0"
            }
        },
        "@sap/odata-commons": {
            "version": "1.0.0",
            "resolved": "https://npm.sap.com/@sap/odata-commons/-/odata-commons-1.0.0.tgz",
            "integrity": "sha512-xb+CIXEbRFCC8GqfJ8g+fi8g6o9GmnPNrikp+d+0mD/4/FO+gTofdqoaZQE3vLpEDNcWOeT8p+dddte/Evnp5Q==",
            "requires": {
                "big.js": "=5.2.2"
            }
        },
        "@sap/odata-server": {
            "version": "1.0.0",
            "resolved": "https://npm.sap.com/@sap/odata-server/-/odata-server-1.0.0.tgz",
            "integrity": "sha512-SRGDU43BnmXQpTNEXaixeWUs4txmosK+/npRlLjzf8hmJhpFnviux7N+wRzLFVBu4L5O18EhT7dkDbiT8zdNLw==",
            "requires": {
                "@sap/odata-commons": "^1.0.0",
                "xmlbuilder": "=10.1.0"
            }
        },
        "accepts": {
            "version": "1.3.5",
            "resolved": "https://registry.npmjs.org/accepts/-/accepts-1.3.5.tgz",
            "integrity": "sha1-63d99gEXI6OxTopywIBcjoZ0a9I=",
            "requires": {
                "mime-types": "~2.1.18",
                "negotiator": "0.6.1"
            }
        },
        "ansi-colors": {
            "version": "3.2.3",
            "resolved": "https://registry.npmjs.org/ansi-colors/-/ansi-colors-3.2.3.tgz",
            "integrity": "sha512-LEHHyuhlPY3TmuUYMh2oz89lTShfvgbmzaBcxve9t/9Wuy7Dwf4yoAKcND7KFT1HAQfqZ12qtc+DUrBMeKF9nw=="
        },
        "antlr4": {
            "version": "4.7.1",
            "resolved": "https://registry.npmjs.org/antlr4/-/antlr4-4.7.1.tgz",
            "integrity": "sha512-haHyTW7Y9joE5MVs37P2lNYfU2RWBLfcRDD8OWldcdZm5TiCE91B5Xl1oWSwiDUSd4rlExpt2pu1fksYQjRBYQ=="
        },
        "array-flatten": {
            "version": "1.1.1",
            "resolved": "https://registry.npmjs.org/array-flatten/-/array-flatten-1.1.1.tgz",
            "integrity": "sha1-ml9pkFGx5wczKPKgCJaLZOopVdI="
        },
        "big.js": {
            "version": "5.2.2",
            "resolved": "https://registry.npmjs.org/big.js/-/big.js-5.2.2.tgz",
            "integrity": "sha512-vyL2OymJxmarO8gxMr0mhChsO9QGwhynfuu4+MHTAW6czfq9humCB7rKpUjDd9YUiDPU4mzpyupFSvOClAwbmQ=="
        },
        "body-parser": {
            "version": "1.18.3",
            "resolved": "https://registry.npmjs.org/body-parser/-/body-parser-1.18.3.tgz",
            "integrity": "sha1-WykhmP/dVTs6DyDe0FkrlWlVyLQ=",
            "requires": {
                "bytes": "3.0.0",
                "content-type": "~1.0.4",
                "debug": "2.6.9",
                "depd": "~1.1.2",
                "http-errors": "~1.6.3",
                "iconv-lite": "0.4.23",
                "on-finished": "~2.3.0",
                "qs": "6.5.2",
                "raw-body": "2.3.3",
                "type-is": "~1.6.16"
            }
        },
        "bytes": {
            "version": "3.0.0",
            "resolved": "https://registry.npmjs.org/bytes/-/bytes-3.0.0.tgz",
            "integrity": "sha1-0ygVQE1olpn4Wk6k+odV3ROpYEg="
        },
        "content-disposition": {
            "version": "0.5.2",
            "resolved": "https://registry.npmjs.org/content-disposition/-/content-disposition-0.5.2.tgz",
            "integrity": "sha1-DPaLud318r55YcOoUXjLhdunjLQ="
        },
        "content-type": {
            "version": "1.0.4",
            "resolved": "https://registry.npmjs.org/content-type/-/content-type-1.0.4.tgz",
            "integrity": "sha512-hIP3EEPs8tB9AT1L+NUqtwOAps4mk2Zob89MWXMHjHWg9milF/j4osnnQLXBCBFBk/tvIG/tUc9mOUJiPBhPXA=="
        },
        "cookie": {
            "version": "0.3.1",
            "resolved": "https://registry.npmjs.org/cookie/-/cookie-0.3.1.tgz",
            "integrity": "sha1-5+Ch+e9DtMi6klxcWpboBtFoc7s="
        },
        "cookie-signature": {
            "version": "1.0.6",
            "resolved": "https://registry.npmjs.org/cookie-signature/-/cookie-signature-1.0.6.tgz",
            "integrity": "sha1-4wOogrNCzD7oylE6eZmXNNqzriw="
        },
        "debug": {
            "version": "2.6.9",
            "resolved": "https://registry.npmjs.org/debug/-/debug-2.6.9.tgz",
            "integrity": "sha512-bC7ElrdJaJnPbAP+1EotYvqZsb3ecl5wi6Bfi6BJTUcNowp6cvspg0jXznRTKDjm/E7AdgFBVeAPVMNcKGsHMA==",
            "requires": {
                "ms": "2.0.0"
            }
        },
        "depd": {
            "version": "1.1.2",
            "resolved": "https://registry.npmjs.org/depd/-/depd-1.1.2.tgz",
            "integrity": "sha1-m81S4UwJd2PnSbJ0xDRu0uVgtak="
        },
        "destroy": {
            "version": "1.0.4",
            "resolved": "https://registry.npmjs.org/destroy/-/destroy-1.0.4.tgz",
            "integrity": "sha1-l4hXRCxEdJ5CBmE+N5RiBYJqvYA="
        },
        "ee-first": {
            "version": "1.1.1",
            "resolved": "https://registry.npmjs.org/ee-first/-/ee-first-1.1.1.tgz",
            "integrity": "sha1-WQxhFWsK4vTwJVcyoViyZrxWsh0="
        },
        "encodeurl": {
            "version": "1.0.2",
            "resolved": "https://registry.npmjs.org/encodeurl/-/encodeurl-1.0.2.tgz",
            "integrity": "sha1-rT/0yG7C0CkyL1oCw6mmBslbP1k="
        },
        "escape-html": {
            "version": "1.0.3",
            "resolved": "https://registry.npmjs.org/escape-html/-/escape-html-1.0.3.tgz",
            "integrity": "sha1-Aljq5NPQwJdN4cFpGI7wBR0dGYg="
        },
        "etag": {
            "version": "1.8.1",
            "resolved": "https://registry.npmjs.org/etag/-/etag-1.8.1.tgz",
            "integrity": "sha1-Qa4u62XvpiJorr/qg6x9eSmbCIc="
        },
        "express": {
            "version": "4.16.4",
            "resolved": "https://registry.npmjs.org/express/-/express-4.16.4.tgz",
            "integrity": "sha512-j12Uuyb4FMrd/qQAm6uCHAkPtO8FDTRJZBDd5D2KOL2eLaz1yUNdUB/NOIyq0iU4q4cFarsUCrnFDPBcnksuOg==",
            "requires": {
                "accepts": "~1.3.5",
                "array-flatten": "1.1.1",
                "body-parser": "1.18.3",
                "content-disposition": "0.5.2",
                "content-type": "~1.0.4",
                "cookie": "0.3.1",
                "cookie-signature": "1.0.6",
                "debug": "2.6.9",
                "depd": "~1.1.2",
                "encodeurl": "~1.0.2",
                "escape-html": "~1.0.3",
                "etag": "~1.8.1",
                "finalhandler": "1.1.1",
                "fresh": "0.5.2",
                "merge-descriptors": "1.0.1",
                "methods": "~1.1.2",
                "on-finished": "~2.3.0",
                "parseurl": "~1.3.2",
                "path-to-regexp": "0.1.7",
                "proxy-addr": "~2.0.4",
                "qs": "6.5.2",
                "range-parser": "~1.2.0",
                "safe-buffer": "5.1.2",
                "send": "0.16.2",
                "serve-static": "1.13.2",
                "setprototypeof": "1.1.0",
                "statuses": "~1.4.0",
                "type-is": "~1.6.16",
                "utils-merge": "1.0.1",
                "vary": "~1.1.2"
            }
        },
        "finalhandler": {
            "version": "1.1.1",
            "resolved": "https://registry.npmjs.org/finalhandler/-/finalhandler-1.1.1.tgz",
            "integrity": "sha512-Y1GUDo39ez4aHAw7MysnUD5JzYX+WaIj8I57kO3aEPT1fFRL4sr7mjei97FgnwhAyyzRYmQZaTHb2+9uZ1dPtg==",
            "requires": {
                "debug": "2.6.9",
                "encodeurl": "~1.0.2",
                "escape-html": "~1.0.3",
                "on-finished": "~2.3.0",
                "parseurl": "~1.3.2",
                "statuses": "~1.4.0",
                "unpipe": "~1.0.0"
            }
        },
        "forwarded": {
            "version": "0.1.2",
            "resolved": "https://registry.npmjs.org/forwarded/-/forwarded-0.1.2.tgz",
            "integrity": "sha1-mMI9qxF1ZXuMBXPozszZGw/xjIQ="
        },
        "fresh": {
            "version": "0.5.2",
            "resolved": "https://registry.npmjs.org/fresh/-/fresh-0.5.2.tgz",
            "integrity": "sha1-PYyt2Q2XZWn6g1qx+OSyOhBWBac="
        },
        "fs-extra": {
            "version": "7.0.1",
            "resolved": "https://registry.npmjs.org/fs-extra/-/fs-extra-7.0.1.tgz",
            "integrity": "sha512-YJDaCJZEnBmcbw13fvdAM9AwNOJwOzrE4pqMqBq5nFiEqXUqHwlK4B+3pUw6JNvfSPtX05xFHtYy/1ni01eGCw==",
            "requires": {
                "graceful-fs": "^4.1.2",
                "jsonfile": "^4.0.0",
                "universalify": "^0.1.0"
            }
        },
        "generic-pool": {
            "version": "3.4.2",
            "resolved": "https://registry.npmjs.org/generic-pool/-/generic-pool-3.4.2.tgz",
            "integrity": "sha512-H7cUpwCQSiJmAHM4c/aFu6fUfrhWXW1ncyh8ftxEPMu6AiYkHw9K8br720TGPZJbk5eOH2bynjZD1yPvdDAmag=="
        },
        "graceful-fs": {
            "version": "4.1.15",
            "resolved": "https://registry.npmjs.org/graceful-fs/-/graceful-fs-4.1.15.tgz",
            "integrity": "sha512-6uHUhOPEBgQ24HM+r6b/QwWfZq+yiFcipKFrOFiBEnWdy5sdzYoi+pJeQaPI5qOLRFqWmAXUPQNsielzdLoecA=="
        },
        "http-errors": {
            "version": "1.6.3",
            "resolved": "https://registry.npmjs.org/http-errors/-/http-errors-1.6.3.tgz",
            "integrity": "sha1-i1VoC7S+KDoLW/TqLjhYC+HZMg0=",
            "requires": {
                "depd": "~1.1.2",
                "inherits": "2.0.3",
                "setprototypeof": "1.1.0",
                "statuses": ">= 1.4.0 < 2"
            }
        },
        "iconv-lite": {
            "version": "0.4.23",
            "resolved": "https://registry.npmjs.org/iconv-lite/-/iconv-lite-0.4.23.tgz",
            "integrity": "sha512-neyTUVFtahjf0mB3dZT77u+8O0QB89jFdnBkd5P1JgYPbPaia3gXXOVL2fq8VyU2gMMD7SaN7QukTB/pmXYvDA==",
            "requires": {
                "safer-buffer": ">= 2.1.2 < 3"
            }
        },
        "inherits": {
            "version": "2.0.3",
            "resolved": "https://registry.npmjs.org/inherits/-/inherits-2.0.3.tgz",
            "integrity": "sha1-Yzwsg+PaQqUC9SRmAiSA9CCCYd4="
        },
        "ipaddr.js": {
            "version": "1.8.0",
            "resolved": "https://registry.npmjs.org/ipaddr.js/-/ipaddr.js-1.8.0.tgz",
            "integrity": "sha1-6qM9bd16zo9/b+DJygRA5wZzix4="
        },
        "jsonfile": {
            "version": "4.0.0",
            "resolved": "https://registry.npmjs.org/jsonfile/-/jsonfile-4.0.0.tgz",
            "integrity": "sha1-h3Gq4HmbZAdrdmQPygWPnBDjPss=",
            "requires": {
                "graceful-fs": "^4.1.6"
            }
        },
        "media-typer": {
            "version": "0.3.0",
            "resolved": "https://registry.npmjs.org/media-typer/-/media-typer-0.3.0.tgz",
            "integrity": "sha1-hxDXrwqmJvj/+hzgAWhUUmMlV0g="
        },
        "merge-descriptors": {
            "version": "1.0.1",
            "resolved": "https://registry.npmjs.org/merge-descriptors/-/merge-descriptors-1.0.1.tgz",
            "integrity": "sha1-sAqqVW3YtEVoFQ7J0blT8/kMu2E="
        },
        "methods": {
            "version": "1.1.2",
            "resolved": "https://registry.npmjs.org/methods/-/methods-1.1.2.tgz",
            "integrity": "sha1-VSmk1nZUE07cxSZmVoNbD4Ua/O4="
        },
        "mime": {
            "version": "1.4.1",
            "resolved": "https://registry.npmjs.org/mime/-/mime-1.4.1.tgz",
            "integrity": "sha512-KI1+qOZu5DcW6wayYHSzR/tXKCDC5Om4s1z2QJjDULzLcmf3DvzS7oluY4HCTrc+9FiKmWUgeNLg7W3uIQvxtQ=="
        },
        "mime-db": {
            "version": "1.38.0",
            "resolved": "https://registry.npmjs.org/mime-db/-/mime-db-1.38.0.tgz",
            "integrity": "sha512-bqVioMFFzc2awcdJZIzR3HjZFX20QhilVS7hytkKrv7xFAn8bM1gzc/FOX2awLISvWe0PV8ptFKcon+wZ5qYkg=="
        },
        "mime-types": {
            "version": "2.1.22",
            "resolved": "https://registry.npmjs.org/mime-types/-/mime-types-2.1.22.tgz",
            "integrity": "sha512-aGl6TZGnhm/li6F7yx82bJiBZwgiEa4Hf6CNr8YO+r5UHr53tSTYZb102zyU50DOWWKeOv0uQLRL0/9EiKWCog==",
            "requires": {
                "mime-db": "~1.38.0"
            }
        },
        "minimist": {
            "version": "1.2.0",
            "resolved": "https://registry.npmjs.org/minimist/-/minimist-1.2.0.tgz",
            "integrity": "sha1-o1AIsg9BOD7sH7kU9M1d95omQoQ="
        },
        "ms": {
            "version": "2.0.0",
            "resolved": "https://registry.npmjs.org/ms/-/ms-2.0.0.tgz",
            "integrity": "sha1-VgiurfwAvmwpAd9fmGF4jeDVl8g="
        },
        "negotiator": {
            "version": "0.6.1",
            "resolved": "https://registry.npmjs.org/negotiator/-/negotiator-0.6.1.tgz",
            "integrity": "sha1-KzJxhOiZIQEXeyhWP7XnECrNDKk="
        },
        "on-finished": {
            "version": "2.3.0",
            "resolved": "https://registry.npmjs.org/on-finished/-/on-finished-2.3.0.tgz",
            "integrity": "sha1-IPEzZIGwg811M3mSoWlxqi2QaUc=",
            "requires": {
                "ee-first": "1.1.1"
            }
        },
        "parseurl": {
            "version": "1.3.2",
            "resolved": "https://registry.npmjs.org/parseurl/-/parseurl-1.3.2.tgz",
            "integrity": "sha1-/CidTtiZMRlGDBViUyYs3I3mW/M="
        },
        "path-parse": {
            "version": "1.0.6",
            "resolved": "https://registry.npmjs.org/path-parse/-/path-parse-1.0.6.tgz",
            "integrity": "sha512-GSmOT2EbHrINBf9SR7CDELwlJ8AENk3Qn7OikK4nFYAu3Ote2+JYNVvkpAEQm3/TLNEJFD/xZJjzyxg3KBWOzw=="
        },
        "path-to-regexp": {
            "version": "0.1.7",
            "resolved": "https://registry.npmjs.org/path-to-regexp/-/path-to-regexp-0.1.7.tgz",
            "integrity": "sha1-32BBeABfUi8V60SQ5yR6G/qmf4w="
        },
        "proxy-addr": {
            "version": "2.0.4",
            "resolved": "https://registry.npmjs.org/proxy-addr/-/proxy-addr-2.0.4.tgz",
            "integrity": "sha512-5erio2h9jp5CHGwcybmxmVqHmnCBZeewlfJ0pex+UW7Qny7OOZXTtH56TGNyBizkgiOwhJtMKrVzDTeKcySZwA==",
            "requires": {
                "forwarded": "~0.1.2",
                "ipaddr.js": "1.8.0"
            }
        },
        "qs": {
            "version": "6.5.2",
            "resolved": "https://registry.npmjs.org/qs/-/qs-6.5.2.tgz",
            "integrity": "sha512-N5ZAX4/LxJmF+7wN74pUD6qAh9/wnvdQcjq9TZjevvXzSUo7bfmw91saqMjzGS2xq91/odN2dW/WOl7qQHNDGA=="
        },
        "range-parser": {
            "version": "1.2.0",
            "resolved": "https://registry.npmjs.org/range-parser/-/range-parser-1.2.0.tgz",
            "integrity": "sha1-9JvmtIeJTdxA3MlKMi9hEJLgDV4="
        },
        "raw-body": {
            "version": "2.3.3",
            "resolved": "https://registry.npmjs.org/raw-body/-/raw-body-2.3.3.tgz",
            "integrity": "sha512-9esiElv1BrZoI3rCDuOuKCBRbuApGGaDPQfjSflGxdy4oyzqghxu6klEkkVIvBje+FF0BX9coEv8KqW6X/7njw==",
            "requires": {
                "bytes": "3.0.0",
                "http-errors": "1.6.3",
                "iconv-lite": "0.4.23",
                "unpipe": "1.0.0"
            }
        },
        "resolve": {
            "version": "1.8.1",
            "resolved": "https://registry.npmjs.org/resolve/-/resolve-1.8.1.tgz",
            "integrity": "sha512-AicPrAC7Qu1JxPCZ9ZgCZlY35QgFnNqc+0LtbRNxnVw4TXvjQ72wnuL9JQcEBgXkI9JM8MsT9kaQoHcpCRJOYA==",
            "requires": {
                "path-parse": "^1.0.5"
            }
        },
        "safe-buffer": {
            "version": "5.1.2",
            "resolved": "https://registry.npmjs.org/safe-buffer/-/safe-buffer-5.1.2.tgz",
            "integrity": "sha512-Gd2UZBJDkXlY7GbJxfsE8/nvKkUEU1G38c1siN6QP6a9PT9MmHB8GnpscSmMJSoF8LOIrt8ud/wPtojys4G6+g=="
        },
        "safer-buffer": {
            "version": "2.1.2",
            "resolved": "https://registry.npmjs.org/safer-buffer/-/safer-buffer-2.1.2.tgz",
            "integrity": "sha512-YZo3K82SD7Riyi0E1EQPojLz7kpepnSQI9IyPbHHg1XXXevb5dJI7tpyN2ADxGcQbHG7vcyRHk0cbwqcQriUtg=="
        },
        "sax": {
            "version": "1.2.4",
            "resolved": "https://registry.npmjs.org/sax/-/sax-1.2.4.tgz",
            "integrity": "sha512-NqVDv9TpANUjFm0N8uM5GxL36UgKi9/atZw+x7YFnQ8ckwFGKrl4xX4yWtrey3UJm5nP1kUbnYgLopqWNSRhWw=="
        },
        "send": {
            "version": "0.16.2",
            "resolved": "https://registry.npmjs.org/send/-/send-0.16.2.tgz",
            "integrity": "sha512-E64YFPUssFHEFBvpbbjr44NCLtI1AohxQ8ZSiJjQLskAdKuriYEP6VyGEsRDH8ScozGpkaX1BGvhanqCwkcEZw==",
            "requires": {
                "debug": "2.6.9",
                "depd": "~1.1.2",
                "destroy": "~1.0.4",
                "encodeurl": "~1.0.2",
                "escape-html": "~1.0.3",
                "etag": "~1.8.1",
                "fresh": "0.5.2",
                "http-errors": "~1.6.2",
                "mime": "1.4.1",
                "ms": "2.0.0",
                "on-finished": "~2.3.0",
                "range-parser": "~1.2.0",
                "statuses": "~1.4.0"
            }
        },
        "serve-static": {
            "version": "1.13.2",
            "resolved": "https://registry.npmjs.org/serve-static/-/serve-static-1.13.2.tgz",
            "integrity": "sha512-p/tdJrO4U387R9oMjb1oj7qSMaMfmOyd4j9hOFoxZe2baQszgHcSWjuya/CiT5kgZZKRudHNOA0pYXOl8rQ5nw==",
            "requires": {
                "encodeurl": "~1.0.2",
                "escape-html": "~1.0.3",
                "parseurl": "~1.3.2",
                "send": "0.16.2"
            }
        },
        "setprototypeof": {
            "version": "1.1.0",
            "resolved": "https://registry.npmjs.org/setprototypeof/-/setprototypeof-1.1.0.tgz",
            "integrity": "sha512-BvE/TwpZX4FXExxOxZyRGQQv651MSwmWKZGqvmPcRIjDqWub67kTKuIMx43cZZrS/cBBzwBcNDWoFxt2XEFIpQ=="
        },
        "statuses": {
            "version": "1.4.0",
            "resolved": "https://registry.npmjs.org/statuses/-/statuses-1.4.0.tgz",
            "integrity": "sha512-zhSCtt8v2NDrRlPQpCNtw/heZLtfUDqxBM1udqikb/Hbk52LK4nQSwr10u77iopCW5LsyHpuXS0GnEc48mLeew=="
        },
        "type-is": {
            "version": "1.6.16",
            "resolved": "https://registry.npmjs.org/type-is/-/type-is-1.6.16.tgz",
            "integrity": "sha512-HRkVv/5qY2G6I8iab9cI7v1bOIdhm94dVjQCPFElW9W+3GeDOSHmy2EBYe4VTApuzolPcmgFTN3ftVJRKR2J9Q==",
            "requires": {
                "media-typer": "0.3.0",
                "mime-types": "~2.1.18"
            }
        },
        "universalify": {
            "version": "0.1.2",
            "resolved": "https://registry.npmjs.org/universalify/-/universalify-0.1.2.tgz",
            "integrity": "sha512-rBJeI5CXAlmy1pV+617WB9J63U6XcazHHF2f2dbJix4XzpUF0RS3Zbj0FGIOCAva5P/d/GBOYaACQ1w+0azUkg=="
        },
        "unpipe": {
            "version": "1.0.0",
            "resolved": "https://registry.npmjs.org/unpipe/-/unpipe-1.0.0.tgz",
            "integrity": "sha1-sr9O6FFKrmFltIF4KdIbLvSZBOw="
        },
        "utils-merge": {
            "version": "1.0.1",
            "resolved": "https://registry.npmjs.org/utils-merge/-/utils-merge-1.0.1.tgz",
            "integrity": "sha1-n5VxD1CiZ5R7LMwSR0HBAoQn5xM="
        },
        "uuid": {
            "version": "3.3.2",
            "resolved": "https://registry.npmjs.org/uuid/-/uuid-3.3.2.tgz",
            "integrity": "sha512-yXJmeNaw3DnnKAOKJE51sL/ZaYfWJRl1pK9dr19YFCu0ObS231AB1/LbqTKRAQ5kw8A90rA6fr4riOUpTZvQZA=="
        },
        "vary": {
            "version": "1.1.2",
            "resolved": "https://registry.npmjs.org/vary/-/vary-1.1.2.tgz",
            "integrity": "sha1-IpnwLG3tMNSllhsLn3RSShj2NPw="
        },
        "xml2js": {
            "version": "0.4.19",
            "resolved": "https://registry.npmjs.org/xml2js/-/xml2js-0.4.19.tgz",
            "integrity": "sha512-esZnJZJOiJR9wWKMyuvSE1y6Dq5LCuJanqhxslH2bxM6duahNZ+HMpCLhBQGZkbX6xRf8x1Y2eJlgt2q3qo49Q==",
            "requires": {
                "sax": ">=0.6.0",
                "xmlbuilder": "~9.0.1"
            },
            "dependencies": {
                "xmlbuilder": {
                    "version": "9.0.7",
                    "resolved": "https://registry.npmjs.org/xmlbuilder/-/xmlbuilder-9.0.7.tgz",
                    "integrity": "sha1-Ey7mPS7FVlxVfiD0wi35rKaGsQ0="
                }
            }
        },
        "xmlbuilder": {
            "version": "10.1.0",
            "resolved": "https://registry.npmjs.org/xmlbuilder/-/xmlbuilder-10.1.0.tgz",
            "integrity": "sha512-In21jFWiaulS7Cmw1fPT1Lm7g7L6ml/uwZNAaKlDZc78szm3pn5oH9gizH7sh1h2GGRb3OkL5kLCeMEENEnZwA=="
        },
        "yaml": {
            "version": "1.2.0",
            "resolved": "https://registry.npmjs.org/yaml/-/yaml-1.2.0.tgz",
            "integrity": "sha512-nKNUuxmvbrRDQbPCVqUDvjgnOvpxWFRK6O4hO57Q3ie07CmTkGrcpoFHEN7PUTkvhhJD23CR2WpKgPyIVoj5zg=="
        }
    }
}
